
Microsoft Visual Studio Solution File, Format Version 12.00
# Visual Studio Version 17
VisualStudioVersion = 17.7.34202.233
MinimumVisualStudioVersion = 10.0.40219.1
Project("{2150E333-8FDC-42A3-9474-1A3956D46DE8}") = "Task0", "Task0", "{FC235E07-E08A-489A-80C7-D7EF23887D86}"
EndProject
Project("{FAE04EC0-301F-11D3-BF4B-00C04F79EFBC}") = "Tyuiu.SmirnovIA.Sprint6.Task0.V13.Lib", "Tyuiu.SmirnovIA.Sprint6.Task0.V13.Lib\Tyuiu.SmirnovIA.Sprint6.Task0.V13.Lib.csproj", "{DBB3DB76-30DF-4CCC-BF3A-B1AF6893E056}"
EndProject
Project("{FAE04EC0-301F-11D3-BF4B-00C04F79EFBC}") = "Tyuiu.SmirnovIA.Sprint6.Task0.V13.Test", "Tyuiu.SmirnovIA.Sprint6.Task0.V13.Test\Tyuiu.SmirnovIA.Sprint6.Task0.V13.Test.csproj", "{3B28A618-7E14-4A9F-BB89-A9C6CFF23E57}"
EndProject
Project("{FAE04EC0-301F-11D3-BF4B-00C04F79EFBC}") = "Tyuiu.SmirnovIA.Sprint6.Task0.V13", "Tyuiu.SmirnovIA.Sprint6.Task0.V13\Tyuiu.SmirnovIA.Sprint6.Task0.V13.csproj", "{310D40A7-97E3-434E-AF23-BFEEE49336F1}"
EndProject
Project("{2150E333-8FDC-42A3-9474-1A3956D46DE8}") = "Task1", "Task1", "{3140BF68-2196-4CF2-A73F-9A15537185E9}"
EndProject
Project("{FAE04EC0-301F-11D3-BF4B-00C04F79EFBC}") = "Tyuiu.SmirnovIA.Sprint6.Task1.V24", "Tyuiu.SmirnovIA.Sprint6.Task1.V24\Tyuiu.SmirnovIA.Sprint6.Task1.V24.csproj", "{3ACDAB1D-5866-4598-8E56-865FFD6BDDC2}"
EndProject
Project("{FAE04EC0-301F-11D3-BF4B-00C04F79EFBC}") = "Tyuiu.SmirnovIA.Sprint6.Task1.V24.Lib", "Tyuiu.SmirnovIA.Sprint6.Task1.V24.Lib\Tyuiu.SmirnovIA.Sprint6.Task1.V24.Lib.csproj", "{FDC063B8-EB49-4785-A1BB-F691EB8CBB28}"
EndProject
Project("{FAE04EC0-301F-11D3-BF4B-00C04F79EFBC}") = "Tyuiu.SmirnovIA.Sprint6.Task1.V24.Test", "Tyuiu.SmirnovIA.Sprint6.Task1.V24.Test\Tyuiu.SmirnovIA.Sprint6.Task1.V24.Test.csproj", "{8EC083C8-A677-4059-97B6-3EC87C61E954}"
EndProject
Project("{2150E333-8FDC-42A3-9474-1A3956D46DE8}") = "Task2", "Task2", "{A00039DC-E851-42D6-8BD3-6D5107C831CC}"
EndProject
Project("{FAE04EC0-301F-11D3-BF4B-00C04F79EFBC}") = "Tyuiu.SmirnovIA.Sprint6.Task2.V28", "Tyuiu.SmirnovIA.Sprint6.Task2.V28\Tyuiu.SmirnovIA.Sprint6.Task2.V28.csproj", "{9E55C6E7-2184-41E3-AA79-DBF584D90BE6}"
EndProject
Project("{FAE04EC0-301F-11D3-BF4B-00C04F79EFBC}") = "Tyuiu.SmirnovIA.Sprint6.Task2.V28.Lib", "Tyuiu.SmirnovIA.Sprint6.Task2.V28.Lib\Tyuiu.SmirnovIA.Sprint6.Task2.V28.Lib.csproj", "{F48D77F0-3886-4619-96A2-4B4DFEB99DD4}"
EndProject
Project("{FAE04EC0-301F-11D3-BF4B-00C04F79EFBC}") = "Tyuiu.SmirnovIA.Sprint6.Task2.V28.Test", "Tyuiu.SmirnovIA.Sprint6.Task2.V28.Test\Tyuiu.SmirnovIA.Sprint6.Task2.V28.Test.csproj", "{53F1164C-5ACE-40AA-B831-43609BAA2634}"
EndProject
Project("{2150E333-8FDC-42A3-9474-1A3956D46DE8}") = "Task3", "Task3", "{16E5CC08-5EB3-4E29-B69F-666B3F816289}"
EndProject
Project("{FAE04EC0-301F-11D3-BF4B-00C04F79EFBC}") = "Tyuiu.SmirnovIA.Sprint6.Task3.V2", "Tyuiu.SmirnovIA.Sprint6.Task3.V2\Tyuiu.SmirnovIA.Sprint6.Task3.V2.csproj", "{635A5A9D-39BF-4396-9FFA-769389347CC7}"
EndProject
Project("{FAE04EC0-301F-11D3-BF4B-00C04F79EFBC}") = "Tyuiu.SmirnovIA.Sprint6.Task3.V2.Lib", "Tyuiu.SmirnovIA.Sprint6.Task3.V2.Lib\Tyuiu.SmirnovIA.Sprint6.Task3.V2.Lib.csproj", "{0928BDB4-7FDF-4F4C-88F0-B254F8BE7560}"
EndProject
Project("{FAE04EC0-301F-11D3-BF4B-00C04F79EFBC}") = "Tyuiu.SmirnovIA.Sprint6.Task3.V2.Test", "Tyuiu.SmirnovIA.Sprint6.Task3.V2.Test\Tyuiu.SmirnovIA.Sprint6.Task3.V2.Test.csproj", "{2D10BF08-5E19-4F3F-8705-E090D4EC2B4A}"
EndProject
Project("{2150E333-8FDC-42A3-9474-1A3956D46DE8}") = "Task4", "Task4", "{9CBF4AF9-8D07-4807-88D8-55DA19B57F4F}"
EndProject
Project("{FAE04EC0-301F-11D3-BF4B-00C04F79EFBC}") = "Tyuiu.SmirnovIA.Sprint6.Task4.V28", "Tyuiu.SmirnovIA.Sprint6.Task4.V28\Tyuiu.SmirnovIA.Sprint6.Task4.V28.csproj", "{1DE6EF4F-D3CF-4852-B9EF-4A7EF97623C2}"
EndProject
Project("{FAE04EC0-301F-11D3-BF4B-00C04F79EFBC}") = "Tyuiu.SmirnovIA.Sprint6.Task4.V28.Lib", "Tyuiu.SmirnovIA.Sprint6.Task4.V28.Lib\Tyuiu.SmirnovIA.Sprint6.Task4.V28.Lib.csproj", "{35DC71FD-FE52-4E9B-879E-A0B8E1E23D8C}"
EndProject
Project("{FAE04EC0-301F-11D3-BF4B-00C04F79EFBC}") = "Tyuiu.SmirnovIA.Sprint6.Task4.V28.Test", "Tyuiu.SmirnovIA.Sprint6.Task4.V28.Test\Tyuiu.SmirnovIA.Sprint6.Task4.V28.Test.csproj", "{782C39B7-5A8D-470E-84A6-2814726B8D95}"
EndProject
Project("{2150E333-8FDC-42A3-9474-1A3956D46DE8}") = "Task5", "Task5", "{8BF760F7-8317-4739-9AE1-FCABE79D6F89}"
EndProject
Project("{FAE04EC0-301F-11D3-BF4B-00C04F79EFBC}") = "Tyuiu.SmirnovIA.Sprint6.Task5.V17", "Tyuiu.SmirnovIA.Sprint6.Task5.V17\Tyuiu.SmirnovIA.Sprint6.Task5.V17.csproj", "{F724CCFE-FBAD-49CF-BAD3-96343C9BFF78}"
EndProject
Project("{FAE04EC0-301F-11D3-BF4B-00C04F79EFBC}") = "Tyuiu.SmirnovIA.Sprint6.Task5.V17.Lib", "Tyuiu.SmirnovIA.Sprint6.Task5.V17.Lib\Tyuiu.SmirnovIA.Sprint6.Task5.V17.Lib.csproj", "{210DEB0D-F83D-435F-B28D-5E2471B3FB1B}"
EndProject
Project("{FAE04EC0-301F-11D3-BF4B-00C04F79EFBC}") = "Tyuiu.SmirnovIA.Sprint6.Task5.V17.Test", "Tyuiu.SmirnovIA.Sprint6.Task5.V17.Test\Tyuiu.SmirnovIA.Sprint6.Task5.V17.Test.csproj", "{B3F9EDC4-72F3-4A2F-A784-DBAF0729889B}"
EndProject
Project("{2150E333-8FDC-42A3-9474-1A3956D46DE8}") = "Task6", "Task6", "{3A75DFF5-BCDD-47E2-881A-9AEA3BCE94E1}"
EndProject
Project("{FAE04EC0-301F-11D3-BF4B-00C04F79EFBC}") = "Tyuiu.SmirnovIA.Sprint6.Task6.V13", "Tyuiu.SmirnovIA.Sprint6.Task6.V13\Tyuiu.SmirnovIA.Sprint6.Task6.V13.csproj", "{306F98B9-8AB1-46A9-B90D-813C0B36D0AE}"
EndProject
Project("{FAE04EC0-301F-11D3-BF4B-00C04F79EFBC}") = "Tyuiu.SmirnovIA.Sprint6.Task6.V13.Lib", "Tyuiu.SmirnovIA.Sprint6.Task6.V13.Lib\Tyuiu.SmirnovIA.Sprint6.Task6.V13.Lib.csproj", "{9A050FAE-A79E-4155-BE16-F33286DD1070}"
EndProject
Project("{FAE04EC0-301F-11D3-BF4B-00C04F79EFBC}") = "Tyuiu.SmirnovIA.Sprint6.Task6.V13.Test", "Tyuiu.SmirnovIA.Sprint6.Task6.V13.Test\Tyuiu.SmirnovIA.Sprint6.Task6.V13.Test.csproj", "{5874BAFC-AC00-4684-9742-56A0AB40B8B8}"
EndProject
Project("{2150E333-8FDC-42A3-9474-1A3956D46DE8}") = "Task7", "Task7", "{1CC8E506-1FA6-4061-AF60-AE271B3D6BF5}"
EndProject
Project("{FAE04EC0-301F-11D3-BF4B-00C04F79EFBC}") = "Tyuiu.SmirnovIA.Sprint6.Task7.V24", "Tyuiu.SmirnovIA.Sprint6.Task7.V24\Tyuiu.SmirnovIA.Sprint6.Task7.V24.csproj", "{DD887678-7D52-4AFC-95EE-E45BD29974BC}"
EndProject
Project("{FAE04EC0-301F-11D3-BF4B-00C04F79EFBC}") = "Tyuiu.SmirnovIA.Sprint6.Task7.V24.Lib", "Tyuiu.SmirnovIA.Sprint6.Task7.V24.Lib\Tyuiu.SmirnovIA.Sprint6.Task7.V24.Lib.csproj", "{3F27176D-C882-442C-B5F7-FCEE22CBC558}"
EndProject
Project("{FAE04EC0-301F-11D3-BF4B-00C04F79EFBC}") = "Tyuiu.SmirnovIA.Sprint6.Task7.V24.Test", "Tyuiu.SmirnovIA.Sprint6.Task7.V24.Test\Tyuiu.SmirnovIA.Sprint6.Task7.V24.Test.csproj", "{A695273E-5868-422E-B0F3-C31ED7D2B9B0}"
EndProject
Global
	GlobalSection(SolutionConfigurationPlatforms) = preSolution
		Debug|Any CPU = Debug|Any CPU
		Release|Any CPU = Release|Any CPU
	EndGlobalSection
	GlobalSection(ProjectConfigurationPlatforms) = postSolution
		{DBB3DB76-30DF-4CCC-BF3A-B1AF6893E056}.Debug|Any CPU.ActiveCfg = Debug|Any CPU
		{DBB3DB76-30DF-4CCC-BF3A-B1AF6893E056}.Debug|Any CPU.Build.0 = Debug|Any CPU
		{DBB3DB76-30DF-4CCC-BF3A-B1AF6893E056}.Release|Any CPU.ActiveCfg = Release|Any CPU
		{DBB3DB76-30DF-4CCC-BF3A-B1AF6893E056}.Release|Any CPU.Build.0 = Release|Any CPU
		{3B28A618-7E14-4A9F-BB89-A9C6CFF23E57}.Debug|Any CPU.ActiveCfg = Debug|Any CPU
		{3B28A618-7E14-4A9F-BB89-A9C6CFF23E57}.Debug|Any CPU.Build.0 = Debug|Any CPU
		{3B28A618-7E14-4A9F-BB89-A9C6CFF23E57}.Release|Any CPU.ActiveCfg = Release|Any CPU
		{3B28A618-7E14-4A9F-BB89-A9C6CFF23E57}.Release|Any CPU.Build.0 = Release|Any CPU
		{310D40A7-97E3-434E-AF23-BFEEE49336F1}.Debug|Any CPU.ActiveCfg = Debug|Any CPU
		{310D40A7-97E3-434E-AF23-BFEEE49336F1}.Debug|Any CPU.Build.0 = Debug|Any CPU
		{310D40A7-97E3-434E-AF23-BFEEE49336F1}.Release|Any CPU.ActiveCfg = Release|Any CPU
		{310D40A7-97E3-434E-AF23-BFEEE49336F1}.Release|Any CPU.Build.0 = Release|Any CPU
		{3ACDAB1D-5866-4598-8E56-865FFD6BDDC2}.Debug|Any CPU.ActiveCfg = Debug|Any CPU
		{3ACDAB1D-5866-4598-8E56-865FFD6BDDC2}.Debug|Any CPU.Build.0 = Debug|Any CPU
		{3ACDAB1D-5866-4598-8E56-865FFD6BDDC2}.Release|Any CPU.ActiveCfg = Release|Any CPU
		{3ACDAB1D-5866-4598-8E56-865FFD6BDDC2}.Release|Any CPU.Build.0 = Release|Any CPU
		{FDC063B8-EB49-4785-A1BB-F691EB8CBB28}.Debug|Any CPU.ActiveCfg = Debug|Any CPU
		{FDC063B8-EB49-4785-A1BB-F691EB8CBB28}.Debug|Any CPU.Build.0 = Debug|Any CPU
		{FDC063B8-EB49-4785-A1BB-F691EB8CBB28}.Release|Any CPU.ActiveCfg = Release|Any CPU
		{FDC063B8-EB49-4785-A1BB-F691EB8CBB28}.Release|Any CPU.Build.0 = Release|Any CPU
		{8EC083C8-A677-4059-97B6-3EC87C61E954}.Debug|Any CPU.ActiveCfg = Debug|Any CPU
		{8EC083C8-A677-4059-97B6-3EC87C61E954}.Debug|Any CPU.Build.0 = Debug|Any CPU
		{8EC083C8-A677-4059-97B6-3EC87C61E954}.Release|Any CPU.ActiveCfg = Release|Any CPU
		{8EC083C8-A677-4059-97B6-3EC87C61E954}.Release|Any CPU.Build.0 = Release|Any CPU
		{9E55C6E7-2184-41E3-AA79-DBF584D90BE6}.Debug|Any CPU.ActiveCfg = Debug|Any CPU
		{9E55C6E7-2184-41E3-AA79-DBF584D90BE6}.Debug|Any CPU.Build.0 = Debug|Any CPU
		{9E55C6E7-2184-41E3-AA79-DBF584D90BE6}.Release|Any CPU.ActiveCfg = Release|Any CPU
		{9E55C6E7-2184-41E3-AA79-DBF584D90BE6}.Release|Any CPU.Build.0 = Release|Any CPU
		{F48D77F0-3886-4619-96A2-4B4DFEB99DD4}.Debug|Any CPU.ActiveCfg = Debug|Any CPU
		{F48D77F0-3886-4619-96A2-4B4DFEB99DD4}.Debug|Any CPU.Build.0 = Debug|Any CPU
		{F48D77F0-3886-4619-96A2-4B4DFEB99DD4}.Release|Any CPU.ActiveCfg = Release|Any CPU
		{F48D77F0-3886-4619-96A2-4B4DFEB99DD4}.Release|Any CPU.Build.0 = Release|Any CPU
		{53F1164C-5ACE-40AA-B831-43609BAA2634}.Debug|Any CPU.ActiveCfg = Debug|Any CPU
		{53F1164C-5ACE-40AA-B831-43609BAA2634}.Debug|Any CPU.Build.0 = Debug|Any CPU
		{53F1164C-5ACE-40AA-B831-43609BAA2634}.Release|Any CPU.ActiveCfg = Release|Any CPU
		{53F1164C-5ACE-40AA-B831-43609BAA2634}.Release|Any CPU.Build.0 = Release|Any CPU
		{635A5A9D-39BF-4396-9FFA-769389347CC7}.Debug|Any CPU.ActiveCfg = Debug|Any CPU
		{635A5A9D-39BF-4396-9FFA-769389347CC7}.Debug|Any CPU.Build.0 = Debug|Any CPU
		{635A5A9D-39BF-4396-9FFA-769389347CC7}.Release|Any CPU.ActiveCfg = Release|Any CPU
		{635A5A9D-39BF-4396-9FFA-769389347CC7}.Release|Any CPU.Build.0 = Release|Any CPU
		{0928BDB4-7FDF-4F4C-88F0-B254F8BE7560}.Debug|Any CPU.ActiveCfg = Debug|Any CPU
		{0928BDB4-7FDF-4F4C-88F0-B254F8BE7560}.Debug|Any CPU.Build.0 = Debug|Any CPU
		{0928BDB4-7FDF-4F4C-88F0-B254F8BE7560}.Release|Any CPU.ActiveCfg = Release|Any CPU
		{0928BDB4-7FDF-4F4C-88F0-B254F8BE7560}.Release|Any CPU.Build.0 = Release|Any CPU
		{2D10BF08-5E19-4F3F-8705-E090D4EC2B4A}.Debug|Any CPU.ActiveCfg = Debug|Any CPU
		{2D10BF08-5E19-4F3F-8705-E090D4EC2B4A}.Debug|Any CPU.Build.0 = Debug|Any CPU
		{2D10BF08-5E19-4F3F-8705-E090D4EC2B4A}.Release|Any CPU.ActiveCfg = Release|Any CPU
		{2D10BF08-5E19-4F3F-8705-E090D4EC2B4A}.Release|Any CPU.Build.0 = Release|Any CPU
		{1DE6EF4F-D3CF-4852-B9EF-4A7EF97623C2}.Debug|Any CPU.ActiveCfg = Debug|Any CPU
		{1DE6EF4F-D3CF-4852-B9EF-4A7EF97623C2}.Debug|Any CPU.Build.0 = Debug|Any CPU
		{1DE6EF4F-D3CF-4852-B9EF-4A7EF97623C2}.Release|Any CPU.ActiveCfg = Release|Any CPU
		{1DE6EF4F-D3CF-4852-B9EF-4A7EF97623C2}.Release|Any CPU.Build.0 = Release|Any CPU
		{35DC71FD-FE52-4E9B-879E-A0B8E1E23D8C}.Debug|Any CPU.ActiveCfg = Debug|Any CPU
		{35DC71FD-FE52-4E9B-879E-A0B8E1E23D8C}.Debug|Any CPU.Build.0 = Debug|Any CPU
		{35DC71FD-FE52-4E9B-879E-A0B8E1E23D8C}.Release|Any CPU.ActiveCfg = Release|Any CPU
		{35DC71FD-FE52-4E9B-879E-A0B8E1E23D8C}.Release|Any CPU.Build.0 = Release|Any CPU
		{782C39B7-5A8D-470E-84A6-2814726B8D95}.Debug|Any CPU.ActiveCfg = Debug|Any CPU
		{782C39B7-5A8D-470E-84A6-2814726B8D95}.Debug|Any CPU.Build.0 = Debug|Any CPU
		{782C39B7-5A8D-470E-84A6-2814726B8D95}.Release|Any CPU.ActiveCfg = Release|Any CPU
		{782C39B7-5A8D-470E-84A6-2814726B8D95}.Release|Any CPU.Build.0 = Release|Any CPU
		{F724CCFE-FBAD-49CF-BAD3-96343C9BFF78}.Debug|Any CPU.ActiveCfg = Debug|Any CPU
		{F724CCFE-FBAD-49CF-BAD3-96343C9BFF78}.Debug|Any CPU.Build.0 = Debug|Any CPU
		{F724CCFE-FBAD-49CF-BAD3-96343C9BFF78}.Release|Any CPU.ActiveCfg = Release|Any CPU
		{F724CCFE-FBAD-49CF-BAD3-96343C9BFF78}.Release|Any CPU.Build.0 = Release|Any CPU
		{210DEB0D-F83D-435F-B28D-5E2471B3FB1B}.Debug|Any CPU.ActiveCfg = Debug|Any CPU
		{210DEB0D-F83D-435F-B28D-5E2471B3FB1B}.Debug|Any CPU.Build.0 = Debug|Any CPU
		{210DEB0D-F83D-435F-B28D-5E2471B3FB1B}.Release|Any CPU.ActiveCfg = Release|Any CPU
		{210DEB0D-F83D-435F-B28D-5E2471B3FB1B}.Release|Any CPU.Build.0 = Release|Any CPU
		{B3F9EDC4-72F3-4A2F-A784-DBAF0729889B}.Debug|Any CPU.ActiveCfg = Debug|Any CPU
		{B3F9EDC4-72F3-4A2F-A784-DBAF0729889B}.Debug|Any CPU.Build.0 = Debug|Any CPU
		{B3F9EDC4-72F3-4A2F-A784-DBAF0729889B}.Release|Any CPU.ActiveCfg = Release|Any CPU
		{B3F9EDC4-72F3-4A2F-A784-DBAF0729889B}.Release|Any CPU.Build.0 = Release|Any CPU
		{306F98B9-8AB1-46A9-B90D-813C0B36D0AE}.Debug|Any CPU.ActiveCfg = Debug|Any CPU
		{306F98B9-8AB1-46A9-B90D-813C0B36D0AE}.Debug|Any CPU.Build.0 = Debug|Any CPU
		{306F98B9-8AB1-46A9-B90D-813C0B36D0AE}.Release|Any CPU.ActiveCfg = Release|Any CPU
		{306F98B9-8AB1-46A9-B90D-813C0B36D0AE}.Release|Any CPU.Build.0 = Release|Any CPU
		{9A050FAE-A79E-4155-BE16-F33286DD1070}.Debug|Any CPU.ActiveCfg = Debug|Any CPU
		{9A050FAE-A79E-4155-BE16-F33286DD1070}.Debug|Any CPU.Build.0 = Debug|Any CPU
		{9A050FAE-A79E-4155-BE16-F33286DD1070}.Release|Any CPU.ActiveCfg = Release|Any CPU
		{9A050FAE-A79E-4155-BE16-F33286DD1070}.Release|Any CPU.Build.0 = Release|Any CPU
		{5874BAFC-AC00-4684-9742-56A0AB40B8B8}.Debug|Any CPU.ActiveCfg = Debug|Any CPU
		{5874BAFC-AC00-4684-9742-56A0AB40B8B8}.Debug|Any CPU.Build.0 = Debug|Any CPU
		{5874BAFC-AC00-4684-9742-56A0AB40B8B8}.Release|Any CPU.ActiveCfg = Release|Any CPU
		{5874BAFC-AC00-4684-9742-56A0AB40B8B8}.Release|Any CPU.Build.0 = Release|Any CPU
		{DD887678-7D52-4AFC-95EE-E45BD29974BC}.Debug|Any CPU.ActiveCfg = Debug|Any CPU
		{DD887678-7D52-4AFC-95EE-E45BD29974BC}.Debug|Any CPU.Build.0 = Debug|Any CPU
		{DD887678-7D52-4AFC-95EE-E45BD29974BC}.Release|Any CPU.ActiveCfg = Release|Any CPU
		{DD887678-7D52-4AFC-95EE-E45BD29974BC}.Release|Any CPU.Build.0 = Release|Any CPU
		{3F27176D-C882-442C-B5F7-FCEE22CBC558}.Debug|Any CPU.ActiveCfg = Debug|Any CPU
		{3F27176D-C882-442C-B5F7-FCEE22CBC558}.Debug|Any CPU.Build.0 = Debug|Any CPU
		{3F27176D-C882-442C-B5F7-FCEE22CBC558}.Release|Any CPU.ActiveCfg = Release|Any CPU
		{3F27176D-C882-442C-B5F7-FCEE22CBC558}.Release|Any CPU.Build.0 = Release|Any CPU
		{A695273E-5868-422E-B0F3-C31ED7D2B9B0}.Debug|Any CPU.ActiveCfg = Debug|Any CPU
		{A695273E-5868-422E-B0F3-C31ED7D2B9B0}.Debug|Any CPU.Build.0 = Debug|Any CPU
		{A695273E-5868-422E-B0F3-C31ED7D2B9B0}.Release|Any CPU.ActiveCfg = Release|Any CPU
		{A695273E-5868-422E-B0F3-C31ED7D2B9B0}.Release|Any CPU.Build.0 = Release|Any CPU
	EndGlobalSection
	GlobalSection(SolutionProperties) = preSolution
		HideSolutionNode = FALSE
	EndGlobalSection
	GlobalSection(NestedProjects) = preSolution
		{DBB3DB76-30DF-4CCC-BF3A-B1AF6893E056} = {FC235E07-E08A-489A-80C7-D7EF23887D86}
		{3B28A618-7E14-4A9F-BB89-A9C6CFF23E57} = {FC235E07-E08A-489A-80C7-D7EF23887D86}
		{310D40A7-97E3-434E-AF23-BFEEE49336F1} = {FC235E07-E08A-489A-80C7-D7EF23887D86}
		{3ACDAB1D-5866-4598-8E56-865FFD6BDDC2} = {3140BF68-2196-4CF2-A73F-9A15537185E9}
		{FDC063B8-EB49-4785-A1BB-F691EB8CBB28} = {3140BF68-2196-4CF2-A73F-9A15537185E9}
		{8EC083C8-A677-4059-97B6-3EC87C61E954} = {3140BF68-2196-4CF2-A73F-9A15537185E9}
		{9E55C6E7-2184-41E3-AA79-DBF584D90BE6} = {A00039DC-E851-42D6-8BD3-6D5107C831CC}
		{F48D77F0-3886-4619-96A2-4B4DFEB99DD4} = {A00039DC-E851-42D6-8BD3-6D5107C831CC}
		{53F1164C-5ACE-40AA-B831-43609BAA2634} = {A00039DC-E851-42D6-8BD3-6D5107C831CC}
		{635A5A9D-39BF-4396-9FFA-769389347CC7} = {16E5CC08-5EB3-4E29-B69F-666B3F816289}
		{0928BDB4-7FDF-4F4C-88F0-B254F8BE7560} = {16E5CC08-5EB3-4E29-B69F-666B3F816289}
		{2D10BF08-5E19-4F3F-8705-E090D4EC2B4A} = {16E5CC08-5EB3-4E29-B69F-666B3F816289}
		{1DE6EF4F-D3CF-4852-B9EF-4A7EF97623C2} = {9CBF4AF9-8D07-4807-88D8-55DA19B57F4F}
		{35DC71FD-FE52-4E9B-879E-A0B8E1E23D8C} = {9CBF4AF9-8D07-4807-88D8-55DA19B57F4F}
		{782C39B7-5A8D-470E-84A6-2814726B8D95} = {9CBF4AF9-8D07-4807-88D8-55DA19B57F4F}
		{F724CCFE-FBAD-49CF-BAD3-96343C9BFF78} = {8BF760F7-8317-4739-9AE1-FCABE79D6F89}
		{210DEB0D-F83D-435F-B28D-5E2471B3FB1B} = {8BF760F7-8317-4739-9AE1-FCABE79D6F89}
		{B3F9EDC4-72F3-4A2F-A784-DBAF0729889B} = {8BF760F7-8317-4739-9AE1-FCABE79D6F89}
		{306F98B9-8AB1-46A9-B90D-813C0B36D0AE} = {3A75DFF5-BCDD-47E2-881A-9AEA3BCE94E1}
		{9A050FAE-A79E-4155-BE16-F33286DD1070} = {3A75DFF5-BCDD-47E2-881A-9AEA3BCE94E1}
		{5874BAFC-AC00-4684-9742-56A0AB40B8B8} = {3A75DFF5-BCDD-47E2-881A-9AEA3BCE94E1}
		{DD887678-7D52-4AFC-95EE-E45BD29974BC} = {1CC8E506-1FA6-4061-AF60-AE271B3D6BF5}
		{3F27176D-C882-442C-B5F7-FCEE22CBC558} = {1CC8E506-1FA6-4061-AF60-AE271B3D6BF5}
		{A695273E-5868-422E-B0F3-C31ED7D2B9B0} = {1CC8E506-1FA6-4061-AF60-AE271B3D6BF5}
	EndGlobalSection
	GlobalSection(ExtensibilityGlobals) = postSolution
		SolutionGuid = {8E0551CC-FD8A-4E70-8E1D-30B070017091}
	EndGlobalSection
EndGlobal
